<?xml version="1.0" encoding="utf-8"?>
<Project ToolsVersion="4.0" xmlns="http://schemas.microsoft.com/developer/msbuild/2003">
  <ItemGroup>
    <Filter Include="Source Files">
      <UniqueIdentifier>{4FC737F1-C7A5-4376-A066-2A32D752A2FF}</UniqueIdentifier>
      <Extensions>cpp;c;cc;cxx;def;odl;idl;hpj;bat;asm;asmx</Extensions>
    </Filter>
    <Filter Include="Header Files">
      <UniqueIdentifier>{93995380-89BD-4b04-88EB-625FBE52EBFB}</UniqueIdentifier>
      <Extensions>h;hh;hpp;hxx;hm;inl;inc;xsd</Extensions>
    </Filter>
    <Filter Include="Resource Files">
      <UniqueIdentifier>{67DA6AB6-F800-4c08-8B7A-83BB121AAD01}</UniqueIdentifier>
      <Extensions>rc;ico;cur;bmp;dlg;rc2;rct;bin;rgs;gif;jpg;jpeg;jpe;resx;tiff;tif;png;wav</Extensions>
    </Filter>
  </ItemGroup>
  <ItemGroup>
    <ClCompile Include="backend\src\main.cpp">
      <Filter>Source Files</Filter>
    </ClCompile>
    <ClCompile Include="backend\src\Orderbook.cpp">
      <Filter>Source Files</Filter>
    </ClCompile>
    <ClCompile Include="backend\src\ApiClient.cpp">
      <Filter>Source Files</Filter>
    </ClCompile>
    <ClCompile Include="backend\src\Benchmark.cpp">
      <Filter>Source Files</Filter>
    </ClCompile>
  </ItemGroup>
  <ItemGroup>
    <ClInclude Include="backend\include\ApiClient.h">
      <Filter>Header Files</Filter>
    </ClInclude>
    <ClInclude Include="backend\include\Constants.h">
      <Filter>Header Files</Filter>
    </ClInclude>
    <ClInclude Include="backend\include\LevelInfo.h">
      <Filter>Header Files</Filter>
    </ClInclude>
    <ClInclude Include="backend\include\Order.h">
      <Filter>Header Files</Filter>
    </ClInclude>
    <ClInclude Include="backend\include\Orderbook.h">
      <Filter>Header Files</Filter>
    </ClInclude>
    <ClInclude Include="backend\include\OrderBookLevelInfos.h">
      <Filter>Header Files</Filter>
    </ClInclude>
    <ClInclude Include="backend\include\OrderModify.h">
      <Filter>Header Files</Filter>
    </ClInclude>
    <ClInclude Include="backend\include\OrderType.h">
      <Filter>Header Files</Filter>
    </ClInclude>
    <ClInclude Include="backend\include\Side.h">
      <Filter>Header Files</Filter>
    </ClInclude>
    <ClInclude Include="backend\include\ThreadPool.h">
      <Filter>Header Files</Filter>
    </ClInclude>
    <ClInclude Include="backend\include\Trade.h">
      <Filter>Header Files</Filter>
    </ClInclude>
    <ClInclude Include="backend\include\TradeInfo.h">
      <Filter>Header Files</Filter>
    </ClInclude>
    <ClInclude Include="backend\include\Usings.h">
      <Filter>Header Files</Filter>
    </ClInclude>
    <ClInclude Include="backend\include\Benchmark.h">
      <Filter>Header Files</Filter>
    </ClInclude>
    <ClInclude Include="backend\include\IOrderbook.h">
      <Filter>Header Files</Filter>
    </ClInclude>
  </ItemGroup>
</Project>